
Microsoft Visual Studio Solution File, Format Version 12.00
# Visual Studio Version 17
VisualStudioVersion = 17.0.31903.59
MinimumVisualStudioVersion = 10.0.40219.1
Project("{FAE04EC0-301F-11D3-BF4B-00C04F79EFBC}") = "ToDoListApiVs", "ToDoListApiVs\ToDoListApiVs.csproj", "{BBE750E8-06EF-4D84-B014-8CC77768B1AA}"
EndProject
Global
	GlobalSection(SolutionConfigurationPlatforms) = preSolution
		Debug|Any CPU = Debug|Any CPU
		Release|Any CPU = Release|Any CPU
	EndGlobalSection
	GlobalSection(ProjectConfigurationPlatforms) = postSolution
		{BBE750E8-06EF-4D84-B014-8CC77768B1AA}.Debug|Any CPU.ActiveCfg = Debug|Any CPU
		{BBE750E8-06EF-4D84-B014-8CC77768B1AA}.Debug|Any CPU.Build.0 = Debug|Any CPU
		{BBE750E8-06EF-4D84-B014-8CC77768B1AA}.Release|Any CPU.ActiveCfg = Release|Any CPU
		{BBE750E8-06EF-4D84-B014-8CC77768B1AA}.Release|Any CPU.Build.0 = Release|Any CPU
	EndGlobalSection
	GlobalSection(SolutionProperties) = preSolution
		HideSolutionNode = FALSE
	EndGlobalSection
	GlobalSection(ExtensibilityGlobals) = postSolution
		SolutionGuid = {0577B6F3-F553-40B3-A282-5665CA0DE7D7}
	EndGlobalSection
EndGlobal
